
Microsoft Visual Studio Solution File, Format Version 12.00
# Visual Studio Version 17
VisualStudioVersion = 17.8.34316.72
MinimumVisualStudioVersion = 10.0.40219.1
Project("{9A19103F-16F7-4668-BE54-9A1E7A4F7556}") = "ModernUi.Data", "ModernUi\ModernUi.Data\ModernUi.Data.csproj", "{3217482C-98DF-4738-9101-9C56AC711ED5}"
EndProject
Project("{9A19103F-16F7-4668-BE54-9A1E7A4F7556}") = "ModernUi.WPF", "ModernUi\ModernUi.WPF\ModernUi.WPF.csproj", "{8417C871-5C27-427F-848B-7160D904393B}"
EndProject
Global
	GlobalSection(SolutionConfigurationPlatforms) = preSolution
		Debug|Any CPU = Debug|Any CPU
		Release|Any CPU = Release|Any CPU
	EndGlobalSection
	GlobalSection(ProjectConfigurationPlatforms) = postSolution
		{3217482C-98DF-4738-9101-9C56AC711ED5}.Debug|Any CPU.ActiveCfg = Debug|Any CPU
		{3217482C-98DF-4738-9101-9C56AC711ED5}.Debug|Any CPU.Build.0 = Debug|Any CPU
		{3217482C-98DF-4738-9101-9C56AC711ED5}.Release|Any CPU.ActiveCfg = Release|Any CPU
		{3217482C-98DF-4738-9101-9C56AC711ED5}.Release|Any CPU.Build.0 = Release|Any CPU
		{8417C871-5C27-427F-848B-7160D904393B}.Debug|Any CPU.ActiveCfg = Debug|Any CPU
		{8417C871-5C27-427F-848B-7160D904393B}.Debug|Any CPU.Build.0 = Debug|Any CPU
		{8417C871-5C27-427F-848B-7160D904393B}.Release|Any CPU.ActiveCfg = Release|Any CPU
		{8417C871-5C27-427F-848B-7160D904393B}.Release|Any CPU.Build.0 = Release|Any CPU
	EndGlobalSection
	GlobalSection(SolutionProperties) = preSolution
		HideSolutionNode = FALSE
	EndGlobalSection
	GlobalSection(ExtensibilityGlobals) = postSolution
		SolutionGuid = {BDE2E546-54E9-40FC-ABFC-620DB6DF9FDC}
	EndGlobalSection
EndGlobal
